
Microsoft Visual Studio Solution File, Format Version 12.00
# Visual Studio Version 16
VisualStudioVersion = 16.0.29728.190
MinimumVisualStudioVersion = 10.0.40219.1
Project("{FAE04EC0-301F-11D3-BF4B-00C04F79EFBC}") = "SSILab4.1", "SSILab4.1.csproj", "{23E30092-0F9E-4BEB-83FC-0BAAF1AB7EB7}"
EndProject
Global
	GlobalSection(SolutionConfigurationPlatforms) = preSolution
		Debug|Any CPU = Debug|Any CPU
		Release|Any CPU = Release|Any CPU
	EndGlobalSection
	GlobalSection(ProjectConfigurationPlatforms) = postSolution
		{23E30092-0F9E-4BEB-83FC-0BAAF1AB7EB7}.Debug|Any CPU.ActiveCfg = Debug|Any CPU
		{23E30092-0F9E-4BEB-83FC-0BAAF1AB7EB7}.Debug|Any CPU.Build.0 = Debug|Any CPU
		{23E30092-0F9E-4BEB-83FC-0BAAF1AB7EB7}.Release|Any CPU.ActiveCfg = Release|Any CPU
		{23E30092-0F9E-4BEB-83FC-0BAAF1AB7EB7}.Release|Any CPU.Build.0 = Release|Any CPU
	EndGlobalSection
	GlobalSection(SolutionProperties) = preSolution
		HideSolutionNode = FALSE
	EndGlobalSection
	GlobalSection(ExtensibilityGlobals) = postSolution
		SolutionGuid = {86D682BC-B7F1-4368-B58B-0BDCFF8BD4F6}
	EndGlobalSection
EndGlobal
